// !$*UTF8*$!
{
	archiveVersion = 1;
	classes = {
	};
	objectVersion = 56;
	objects = {

/* Begin PBXBuildFile section */
		F40A804E29DF4C4A00AF708A /* AppDelegate.swift in Sources */ = {isa = PBXBuildFile; fileRef = F40A804D29DF4C4A00AF708A /* AppDelegate.swift */; };
		F40A805029DF4C4A00AF708A /* SceneDelegate.swift in Sources */ = {isa = PBXBuildFile; fileRef = F40A804F29DF4C4A00AF708A /* SceneDelegate.swift */; };
		F40A805229DF4C4A00AF708A /* ViewController.swift in Sources */ = {isa = PBXBuildFile; fileRef = F40A805129DF4C4A00AF708A /* ViewController.swift */; };
		F40A805529DF4C4A00AF708A /* Main.storyboard in Resources */ = {isa = PBXBuildFile; fileRef = F40A805329DF4C4A00AF708A /* Main.storyboard */; };
		F40A805729DF4C4B00AF708A /* Assets.xcassets in Resources */ = {isa = PBXBuildFile; fileRef = F40A805629DF4C4B00AF708A /* Assets.xcassets */; };
		F40A805A29DF4C4B00AF708A /* LaunchScreen.storyboard in Resources */ = {isa = PBXBuildFile; fileRef = F40A805829DF4C4B00AF708A /* LaunchScreen.storyboard */; };
		F40A806529DF4C4B00AF708A /* TimePadTests.swift in Sources */ = {isa = PBXBuildFile; fileRef = F40A806429DF4C4B00AF708A /* TimePadTests.swift */; };
		F40A806F29DF4C4B00AF708A /* TimePadUITests.swift in Sources */ = {isa = PBXBuildFile; fileRef = F40A806E29DF4C4B00AF708A /* TimePadUITests.swift */; };
		F40A807129DF4C4B00AF708A /* TimePadUITestsLaunchTests.swift in Sources */ = {isa = PBXBuildFile; fileRef = F40A807029DF4C4B00AF708A /* TimePadUITestsLaunchTests.swift */; };
/* End PBXBuildFile section */

/* Begin PBXContainerItemProxy section */
		F40A806129DF4C4B00AF708A /* PBXContainerItemProxy */ = {
			isa = PBXContainerItemProxy;
			containerPortal = F40A804229DF4C4A00AF708A /* Project object */;
			proxyType = 1;
			remoteGlobalIDString = F40A804929DF4C4A00AF708A;
			remoteInfo = TimePad;
		};
		F40A806B29DF4C4B00AF708A /* PBXContainerItemProxy */ = {
			isa = PBXContainerItemProxy;
			containerPortal = F40A804229DF4C4A00AF708A /* Project object */;
			proxyType = 1;
			remoteGlobalIDString = F40A804929DF4C4A00AF708A;
			remoteInfo = TimePad;
		};
/* End PBXContainerItemProxy section */

/* Begin PBXFileReference section */
		F40A804A29DF4C4A00AF708A /* TimePad.app */ = {isa = PBXFileReference; explicitFileType = wrapper.application; includeInIndex = 0; path = TimePad.app; sourceTree = BUILT_PRODUCTS_DIR; };
		F40A804D29DF4C4A00AF708A /* AppDelegate.swift */ = {isa = PBXFileReference; lastKnownFileType = sourcecode.swift; path = AppDelegate.swift; sourceTree = "<group>"; };
		F40A804F29DF4C4A00AF708A /* SceneDelegate.swift */ = {isa = PBXFileReference; lastKnownFileType = sourcecode.swift; path = SceneDelegate.swift; sourceTree = "<group>"; };
		F40A805129DF4C4A00AF708A /* ViewController.swift */ = {isa = PBXFileReference; lastKnownFileType = sourcecode.swift; path = ViewController.swift; sourceTree = "<group>"; };
		F40A805429DF4C4A00AF708A /* Base */ = {isa = PBXFileReference; lastKnownFileType = file.storyboard; name = Base; path = Base.lproj/Main.storyboard; sourceTree = "<group>"; };
		F40A805629DF4C4B00AF708A /* Assets.xcassets */ = {isa = PBXFileReference; lastKnownFileType = folder.assetcatalog; path = Assets.xcassets; sourceTree = "<group>"; };
		F40A805929DF4C4B00AF708A /* Base */ = {isa = PBXFileReference; lastKnownFileType = file.storyboard; name = Base; path = Base.lproj/LaunchScreen.storyboard; sourceTree = "<group>"; };
		F40A805B29DF4C4B00AF708A /* Info.plist */ = {isa = PBXFileReference; lastKnownFileType = text.plist.xml; path = Info.plist; sourceTree = "<group>"; };
		F40A806029DF4C4B00AF708A /* TimePadTests.xctest */ = {isa = PBXFileReference; explicitFileType = wrapper.cfbundle; includeInIndex = 0; path = TimePadTests.xctest; sourceTree = BUILT_PRODUCTS_DIR; };
		F40A806429DF4C4B00AF708A /* TimePadTests.swift */ = {isa = PBXFileReference; lastKnownFileType = sourcecode.swift; path = TimePadTests.swift; sourceTree = "<group>"; };
		F40A806A29DF4C4B00AF708A /* TimePadUITests.xctest */ = {isa = PBXFileReference; explicitFileType = wrapper.cfbundle; includeInIndex = 0; path = TimePadUITests.xctest; sourceTree = BUILT_PRODUCTS_DIR; };
		F40A806E29DF4C4B00AF708A /* TimePadUITests.swift */ = {isa = PBXFileReference; lastKnownFileType = sourcecode.swift; path = TimePadUITests.swift; sourceTree = "<group>"; };
		F40A807029DF4C4B00AF708A /* TimePadUITestsLaunchTests.swift */ = {isa = PBXFileReference; lastKnownFileType = sourcecode.swift; path = TimePadUITestsLaunchTests.swift; sourceTree = "<group>"; };
/* End PBXFileReference section */

/* Begin PBXFrameworksBuildPhase section */
		F40A804729DF4C4A00AF708A /* Frameworks */ = {
			isa = PBXFrameworksBuildPhase;
			buildActionMask = 2147483647;
			files = (
			);
			runOnlyForDeploymentPostprocessing = 0;
		};
		F40A805D29DF4C4B00AF708A /* Frameworks */ = {
			isa = PBXFrameworksBuildPhase;
			buildActionMask = 2147483647;
			files = (
			);
			runOnlyForDeploymentPostprocessing = 0;
		};
		F40A806729DF4C4B00AF708A /* Frameworks */ = {
			isa = PBXFrameworksBuildPhase;
			buildActionMask = 2147483647;
			files = (
			);
			runOnlyForDeploymentPostprocessing = 0;
		};
/* End PBXFrameworksBuildPhase section */

/* Begin PBXGroup section */
		F40A804129DF4C4A00AF708A = {
			isa = PBXGroup;
			children = (
				F40A804C29DF4C4A00AF708A /* TimePad */,
				F40A806329DF4C4B00AF708A /* TimePadTests */,
				F40A806D29DF4C4B00AF708A /* TimePadUITests */,
				F40A804B29DF4C4A00AF708A /* Products */,
			);
			sourceTree = "<group>";
		};
		F40A804B29DF4C4A00AF708A /* Products */ = {
			isa = PBXGroup;
			children = (
				F40A804A29DF4C4A00AF708A /* TimePad.app */,
				F40A806029DF4C4B00AF708A /* TimePadTests.xctest */,
				F40A806A29DF4C4B00AF708A /* TimePadUITests.xctest */,
			);
			name = Products;
			sourceTree = "<group>";
		};
		F40A804C29DF4C4A00AF708A /* TimePad */ = {
			isa = PBXGroup;
			children = (
				F40A804D29DF4C4A00AF708A /* AppDelegate.swift */,
				F40A804F29DF4C4A00AF708A /* SceneDelegate.swift */,
				F40A805129DF4C4A00AF708A /* ViewController.swift */,
				F40A805329DF4C4A00AF708A /* Main.storyboard */,
				F40A805629DF4C4B00AF708A /* Assets.xcassets */,
				F40A805829DF4C4B00AF708A /* LaunchScreen.storyboard */,
				F40A805B29DF4C4B00AF708A /* Info.plist */,
			);
			path = TimePad;
			sourceTree = "<group>";
		};
		F40A806329DF4C4B00AF708A /* TimePadTests */ = {
			isa = PBXGroup;
			children = (
				F40A806429DF4C4B00AF708A /* TimePadTests.swift */,
			);
			path = TimePadTests;
			sourceTree = "<group>";
		};
		F40A806D29DF4C4B00AF708A /* TimePadUITests */ = {
			isa = PBXGroup;
			children = (
				F40A806E29DF4C4B00AF708A /* TimePadUITests.swift */,
				F40A807029DF4C4B00AF708A /* TimePadUITestsLaunchTests.swift */,
			);
			path = TimePadUITests;
			sourceTree = "<group>";
		};
/* End PBXGroup section */

/* Begin PBXNativeTarget section */
		F40A804929DF4C4A00AF708A /* TimePad */ = {
			isa = PBXNativeTarget;
			buildConfigurationList = F40A807429DF4C4B00AF708A /* Build configuration list for PBXNativeTarget "TimePad" */;
			buildPhases = (
				F40A804629DF4C4A00AF708A /* Sources */,
				F40A804729DF4C4A00AF708A /* Frameworks */,
				F40A804829DF4C4A00AF708A /* Resources */,
			);
			buildRules = (
			);
			dependencies = (
			);
			name = TimePad;
			productName = TimePad;
			productReference = F40A804A29DF4C4A00AF708A /* TimePad.app */;
			productType = "com.apple.product-type.application";
		};
		F40A805F29DF4C4B00AF708A /* TimePadTests */ = {
			isa = PBXNativeTarget;
			buildConfigurationList = F40A807729DF4C4B00AF708A /* Build configuration list for PBXNativeTarget "TimePadTests" */;
			buildPhases = (
				F40A805C29DF4C4B00AF708A /* Sources */,
				F40A805D29DF4C4B00AF708A /* Frameworks */,
				F40A805E29DF4C4B00AF708A /* Resources */,
			);
			buildRules = (
			);
			dependencies = (
				F40A806229DF4C4B00AF708A /* PBXTargetDependency */,
			);
			name = TimePadTests;
			productName = TimePadTests;
			productReference = F40A806029DF4C4B00AF708A /* TimePadTests.xctest */;
			productType = "com.apple.product-type.bundle.unit-test";
		};
		F40A806929DF4C4B00AF708A /* TimePadUITests */ = {
			isa = PBXNativeTarget;
			buildConfigurationList = F40A807A29DF4C4B00AF708A /* Build configuration list for PBXNativeTarget "TimePadUITests" */;
			buildPhases = (
				F40A806629DF4C4B00AF708A /* Sources */,
				F40A806729DF4C4B00AF708A /* Frameworks */,
				F40A806829DF4C4B00AF708A /* Resources */,
			);
			buildRules = (
			);
			dependencies = (
				F40A806C29DF4C4B00AF708A /* PBXTargetDependency */,
			);
			name = TimePadUITests;
			productName = TimePadUITests;
			productReference = F40A806A29DF4C4B00AF708A /* TimePadUITests.xctest */;
			productType = "com.apple.product-type.bundle.ui-testing";
		};
/* End PBXNativeTarget section */

/* Begin PBXProject section */
		F40A804229DF4C4A00AF708A /* Project object */ = {
			isa = PBXProject;
			attributes = {
				BuildIndependentTargetsInParallel = 1;
				LastSwiftUpdateCheck = 1430;
				LastUpgradeCheck = 1430;
				TargetAttributes = {
					F40A804929DF4C4A00AF708A = {
						CreatedOnToolsVersion = 14.3;
					};
					F40A805F29DF4C4B00AF708A = {
						CreatedOnToolsVersion = 14.3;
						TestTargetID = F40A804929DF4C4A00AF708A;
					};
					F40A806929DF4C4B00AF708A = {
						CreatedOnToolsVersion = 14.3;
						TestTargetID = F40A804929DF4C4A00AF708A;
					};
				};
			};
			buildConfigurationList = F40A804529DF4C4A00AF708A /* Build configuration list for PBXProject "TimePad" */;
			compatibilityVersion = "Xcode 14.0";
			developmentRegion = en;
			hasScannedForEncodings = 0;
			knownRegions = (
				en,
				Base,
			);
			mainGroup = F40A804129DF4C4A00AF708A;
			productRefGroup = F40A804B29DF4C4A00AF708A /* Products */;
			projectDirPath = "";
			projectRoot = "";
			targets = (
				F40A804929DF4C4A00AF708A /* TimePad */,
				F40A805F29DF4C4B00AF708A /* TimePadTests */,
				F40A806929DF4C4B00AF708A /* TimePadUITests */,
			);
		};
/* End PBXProject section */

/* Begin PBXResourcesBuildPhase section */
		F40A804829DF4C4A00AF708A /* Resources */ = {
			isa = PBXResourcesBuildPhase;
			buildActionMask = 2147483647;
			files = (
				F40A805A29DF4C4B00AF708A /* LaunchScreen.storyboard in Resources */,
				F40A805729DF4C4B00AF708A /* Assets.xcassets in Resources */,
				F40A805529DF4C4A00AF708A /* Main.storyboard in Resources */,
			);
			runOnlyForDeploymentPostprocessing = 0;
		};
		F40A805E29DF4C4B00AF708A /* Resources */ = {
			isa = PBXResourcesBuildPhase;
			buildActionMask = 2147483647;
			files = (
			);
			runOnlyForDeploymentPostprocessing = 0;
		};
		F40A806829DF4C4B00AF708A /* Resources */ = {
			isa = PBXResourcesBuildPhase;
			buildActionMask = 2147483647;
			files = (
			);
			runOnlyForDeploymentPostprocessing = 0;
		};
/* End PBXResourcesBuildPhase section */

/* Begin PBXSourcesBuildPhase section */
		F40A804629DF4C4A00AF708A /* Sources */ = {
			isa = PBXSourcesBuildPhase;
			buildActionMask = 2147483647;
			files = (
				F40A805229DF4C4A00AF708A /* ViewController.swift in Sources */,
				F40A804E29DF4C4A00AF708A /* AppDelegate.swift in Sources */,
				F40A805029DF4C4A00AF708A /* SceneDelegate.swift in Sources */,
			);
			runOnlyForDeploymentPostprocessing = 0;
		};
		F40A805C29DF4C4B00AF708A /* Sources */ = {
			isa = PBXSourcesBuildPhase;
			buildActionMask = 2147483647;
			files = (
				F40A806529DF4C4B00AF708A /* TimePadTests.swift in Sources */,
			);
			runOnlyForDeploymentPostprocessing = 0;
		};
		F40A806629DF4C4B00AF708A /* Sources */ = {
			isa = PBXSourcesBuildPhase;
			buildActionMask = 2147483647;
			files = (
				F40A806F29DF4C4B00AF708A /* TimePadUITests.swift in Sources */,
				F40A807129DF4C4B00AF708A /* TimePadUITestsLaunchTests.swift in Sources */,
			);
			runOnlyForDeploymentPostprocessing = 0;
		};
/* End PBXSourcesBuildPhase section */

/* Begin PBXTargetDependency section */
		F40A806229DF4C4B00AF708A /* PBXTargetDependency */ = {
			isa = PBXTargetDependency;
			target = F40A804929DF4C4A00AF708A /* TimePad */;
			targetProxy = F40A806129DF4C4B00AF708A /* PBXContainerItemProxy */;
		};
		F40A806C29DF4C4B00AF708A /* PBXTargetDependency */ = {
			isa = PBXTargetDependency;
			target = F40A804929DF4C4A00AF708A /* TimePad */;
			targetProxy = F40A806B29DF4C4B00AF708A /* PBXContainerItemProxy */;
		};
/* End PBXTargetDependency section */

/* Begin PBXVariantGroup section */
		F40A805329DF4C4A00AF708A /* Main.storyboard */ = {
			isa = PBXVariantGroup;
			children = (
				F40A805429DF4C4A00AF708A /* Base */,
			);
			name = Main.storyboard;
			sourceTree = "<group>";
		};
		F40A805829DF4C4B00AF708A /* LaunchScreen.storyboard */ = {
			isa = PBXVariantGroup;
			children = (
				F40A805929DF4C4B00AF708A /* Base */,
			);
			name = LaunchScreen.storyboard;
			sourceTree = "<group>";
		};
/* End PBXVariantGroup section */

/* Begin XCBuildConfiguration section */
		F40A807229DF4C4B00AF708A /* Debug */ = {
			isa = XCBuildConfiguration;
			buildSettings = {
				ALWAYS_SEARCH_USER_PATHS = NO;
				CLANG_ANALYZER_NONNULL = YES;
				CLANG_ANALYZER_NUMBER_OBJECT_CONVERSION = YES_AGGRESSIVE;
				CLANG_CXX_LANGUAGE_STANDARD = "gnu++20";
				CLANG_ENABLE_MODULES = YES;
				CLANG_ENABLE_OBJC_ARC = YES;
				CLANG_ENABLE_OBJC_WEAK = YES;
				CLANG_WARN_BLOCK_CAPTURE_AUTORELEASING = YES;
				CLANG_WARN_BOOL_CONVERSION = YES;
				CLANG_WARN_COMMA = YES;
				CLANG_WARN_CONSTANT_CONVERSION = YES;
				CLANG_WARN_DEPRECATED_OBJC_IMPLEMENTATIONS = YES;
				CLANG_WARN_DIRECT_OBJC_ISA_USAGE = YES_ERROR;
				CLANG_WARN_DOCUMENTATION_COMMENTS = YES;
				CLANG_WARN_EMPTY_BODY = YES;
				CLANG_WARN_ENUM_CONVERSION = YES;
				CLANG_WARN_INFINITE_RECURSION = YES;
				CLANG_WARN_INT_CONVERSION = YES;
				CLANG_WARN_NON_LITERAL_NULL_CONVERSION = YES;
				CLANG_WARN_OBJC_IMPLICIT_RETAIN_SELF = YES;
				CLANG_WARN_OBJC_LITERAL_CONVERSION = YES;
				CLANG_WARN_OBJC_ROOT_CLASS = YES_ERROR;
				CLANG_WARN_QUOTED_INCLUDE_IN_FRAMEWORK_HEADER = YES;
				CLANG_WARN_RANGE_LOOP_ANALYSIS = YES;
				CLANG_WARN_STRICT_PROTOTYPES = YES;
				CLANG_WARN_SUSPICIOUS_MOVE = YES;
				CLANG_WARN_UNGUARDED_AVAILABILITY = YES_AGGRESSIVE;
				CLANG_WARN_UNREACHABLE_CODE = YES;
				CLANG_WARN__DUPLICATE_METHOD_MATCH = YES;
				COPY_PHASE_STRIP = NO;
				DEBUG_INFORMATION_FORMAT = dwarf;
				ENABLE_STRICT_OBJC_MSGSEND = YES;
				ENABLE_TESTABILITY = YES;
				GCC_C_LANGUAGE_STANDARD = gnu11;
				GCC_DYNAMIC_NO_PIC = NO;
				GCC_NO_COMMON_BLOCKS = YES;
				GCC_OPTIMIZATION_LEVEL = 0;
				GCC_PREPROCESSOR_DEFINITIONS = (
					"DEBUG=1",
					"$(inherited)",
				);
				GCC_WARN_64_TO_32_BIT_CONVERSION = YES;
				GCC_WARN_ABOUT_RETURN_TYPE = YES_ERROR;
				GCC_WARN_UNDECLARED_SELECTOR = YES;
				GCC_WARN_UNINITIALIZED_AUTOS = YES_AGGRESSIVE;
				GCC_WARN_UNUSED_FUNCTION = YES;
				GCC_WARN_UNUSED_VARIABLE = YES;
				IPHONEOS_DEPLOYMENT_TARGET = 16.4;
				MTL_ENABLE_DEBUG_INFO = INCLUDE_SOURCE;
				MTL_FAST_MATH = YES;
				ONLY_ACTIVE_ARCH = YES;
				SDKROOT = iphoneos;
				SWIFT_ACTIVE_COMPILATION_CONDITIONS = DEBUG;
				SWIFT_OPTIMIZATION_LEVEL = "-Onone";
			};
			name = Debug;
		};
		F40A807329DF4C4B00AF708A /* Release */ = {
			isa = XCBuildConfiguration;
			buildSettings = {
				ALWAYS_SEARCH_USER_PATHS = NO;
				CLANG_ANALYZER_NONNULL = YES;
				CLANG_ANALYZER_NUMBER_OBJECT_CONVERSION = YES_AGGRESSIVE;
				CLANG_CXX_LANGUAGE_STANDARD = "gnu++20";
				CLANG_ENABLE_MODULES = YES;
				CLANG_ENABLE_OBJC_ARC = YES;
				CLANG_ENABLE_OBJC_WEAK = YES;
				CLANG_WARN_BLOCK_CAPTURE_AUTORELEASING = YES;
				CLANG_WARN_BOOL_CONVERSION = YES;
				CLANG_WARN_COMMA = YES;
				CLANG_WARN_CONSTANT_CONVERSION = YES;
				CLANG_WARN_DEPRECATED_OBJC_IMPLEMENTATIONS = YES;
				CLANG_WARN_DIRECT_OBJC_ISA_USAGE = YES_ERROR;
				CLANG_WARN_DOCUMENTATION_COMMENTS = YES;
				CLANG_WARN_EMPTY_BODY = YES;
				CLANG_WARN_ENUM_CONVERSION = YES;
				CLANG_WARN_INFINITE_RECURSION = YES;
				CLANG_WARN_INT_CONVERSION = YES;
				CLANG_WARN_NON_LITERAL_NULL_CONVERSION = YES;
				CLANG_WARN_OBJC_IMPLICIT_RETAIN_SELF = YES;
				CLANG_WARN_OBJC_LITERAL_CONVERSION = YES;
				CLANG_WARN_OBJC_ROOT_CLASS = YES_ERROR;
				CLANG_WARN_QUOTED_INCLUDE_IN_FRAMEWORK_HEADER = YES;
				CLANG_WARN_RANGE_LOOP_ANALYSIS = YES;
				CLANG_WARN_STRICT_PROTOTYPES = YES;
				CLANG_WARN_SUSPICIOUS_MOVE = YES;
				CLANG_WARN_UNGUARDED_AVAILABILITY = YES_AGGRESSIVE;
				CLANG_WARN_UNREACHABLE_CODE = YES;
				CLANG_WARN__DUPLICATE_METHOD_MATCH = YES;
				COPY_PHASE_STRIP = NO;
				DEBUG_INFORMATION_FORMAT = "dwarf-with-dsym";
				ENABLE_NS_ASSERTIONS = NO;
				ENABLE_STRICT_OBJC_MSGSEND = YES;
				GCC_C_LANGUAGE_STANDARD = gnu11;
				GCC_NO_COMMON_BLOCKS = YES;
				GCC_WARN_64_TO_32_BIT_CONVERSION = YES;
				GCC_WARN_ABOUT_RETURN_TYPE = YES_ERROR;
				GCC_WARN_UNDECLARED_SELECTOR = YES;
				GCC_WARN_UNINITIALIZED_AUTOS = YES_AGGRESSIVE;
				GCC_WARN_UNUSED_FUNCTION = YES;
				GCC_WARN_UNUSED_VARIABLE = YES;
				IPHONEOS_DEPLOYMENT_TARGET = 16.4;
				MTL_ENABLE_DEBUG_INFO = NO;
				MTL_FAST_MATH = YES;
				SDKROOT = iphoneos;
				SWIFT_COMPILATION_MODE = wholemodule;
				SWIFT_OPTIMIZATION_LEVEL = "-O";
				VALIDATE_PRODUCT = YES;
			};
			name = Release;
		};
		F40A807529DF4C4B00AF708A /* Debug */ = {
			isa = XCBuildConfiguration;
			buildSettings = {
				ASSETCATALOG_COMPILER_APPICON_NAME = AppIcon;
				ASSETCATALOG_COMPILER_GLOBAL_ACCENT_COLOR_NAME = AccentColor;
				CODE_SIGN_STYLE = Automatic;
				CURRENT_PROJECT_VERSION = 1;
				DEVELOPMENT_TEAM = UM5JNC6JYW;
				GENERATE_INFOPLIST_FILE = YES;
				INFOPLIST_FILE = TimePad/Info.plist;
				INFOPLIST_KEY_UIApplicationSupportsIndirectInputEvents = YES;
				INFOPLIST_KEY_UILaunchStoryboardName = LaunchScreen;
				INFOPLIST_KEY_UIMainStoryboardFile = Main;
				INFOPLIST_KEY_UISupportedInterfaceOrientations_iPad = "UIInterfaceOrientationPortrait UIInterfaceOrientationPortraitUpsideDown UIInterfaceOrientationLandscapeLeft UIInterfaceOrientationLandscapeRight";
				INFOPLIST_KEY_UISupportedInterfaceOrientations_iPhone = "UIInterfaceOrientationPortrait UIInterfaceOrientationLandscapeLeft UIInterfaceOrientationLandscapeRight";
				LD_RUNPATH_SEARCH_PATHS = (
					"$(inherited)",
					"@executable_path/Frameworks",
				);
				MARKETING_VERSION = 1.0;
				PRODUCT_BUNDLE_IDENTIFIER = com.gilang.TimePad;
				PRODUCT_NAME = "$(TARGET_NAME)";
				SWIFT_EMIT_LOC_STRINGS = YES;
				SWIFT_VERSION = 5.0;
				TARGETED_DEVICE_FAMILY = "1,2";
			};
			name = Debug;
		};
		F40A807629DF4C4B00AF708A /* Release */ = {
			isa = XCBuildConfiguration;
			buildSettings = {
				ASSETCATALOG_COMPILER_APPICON_NAME = AppIcon;
				ASSETCATALOG_COMPILER_GLOBAL_ACCENT_COLOR_NAME = AccentColor;
				CODE_SIGN_STYLE = Automatic;
				CURRENT_PROJECT_VERSION = 1;
				DEVELOPMENT_TEAM = UM5JNC6JYW;
				GENERATE_INFOPLIST_FILE = YES;
				INFOPLIST_FILE = TimePad/Info.plist;
				INFOPLIST_KEY_UIApplicationSupportsIndirectInputEvents = YES;
				INFOPLIST_KEY_UILaunchStoryboardName = LaunchScreen;
				INFOPLIST_KEY_UIMainStoryboardFile = Main;
				INFOPLIST_KEY_UISupportedInterfaceOrientations_iPad = "UIInterfaceOrientationPortrait UIInterfaceOrientationPortraitUpsideDown UIInterfaceOrientationLandscapeLeft UIInterfaceOrientationLandscapeRight";
				INFOPLIST_KEY_UISupportedInterfaceOrientations_iPhone = "UIInterfaceOrientationPortrait UIInterfaceOrientationLandscapeLeft UIInterfaceOrientationLandscapeRight";
				LD_RUNPATH_SEARCH_PATHS = (
					"$(inherited)",
					"@executable_path/Frameworks",
				);
				MARKETING_VERSION = 1.0;
				PRODUCT_BUNDLE_IDENTIFIER = com.gilang.TimePad;
				PRODUCT_NAME = "$(TARGET_NAME)";
				SWIFT_EMIT_LOC_STRINGS = YES;
				SWIFT_VERSION = 5.0;
				TARGETED_DEVICE_FAMILY = "1,2";
			};
			name = Release;
		};
		F40A807829DF4C4B00AF708A /* Debug */ = {
			isa = XCBuildConfiguration;
			buildSettings = {
				ALWAYS_EMBED_SWIFT_STANDARD_LIBRARIES = YES;
				BUNDLE_LOADER = "$(TEST_HOST)";
				CODE_SIGN_STYLE = Automatic;
				CURRENT_PROJECT_VERSION = 1;
				DEVELOPMENT_TEAM = UM5JNC6JYW;
				GENERATE_INFOPLIST_FILE = YES;
				IPHONEOS_DEPLOYMENT_TARGET = 16.4;
				MARKETING_VERSION = 1.0;
				PRODUCT_BUNDLE_IDENTIFIER = com.gilang.TimePadTests;
				PRODUCT_NAME = "$(TARGET_NAME)";
				SWIFT_EMIT_LOC_STRINGS = NO;
				SWIFT_VERSION = 5.0;
				TARGETED_DEVICE_FAMILY = "1,2";
				TEST_HOST = "$(BUILT_PRODUCTS_DIR)/TimePad.app/$(BUNDLE_EXECUTABLE_FOLDER_PATH)/TimePad";
			};
			name = Debug;
		};
		F40A807929DF4C4B00AF708A /* Release */ = {
			isa = XCBuildConfiguration;
			buildSettings = {
				ALWAYS_EMBED_SWIFT_STANDARD_LIBRARIES = YES;
				BUNDLE_LOADER = "$(TEST_HOST)";
				CODE_SIGN_STYLE = Automatic;
				CURRENT_PROJECT_VERSION = 1;
				DEVELOPMENT_TEAM = UM5JNC6JYW;
				GENERATE_INFOPLIST_FILE = YES;
				IPHONEOS_DEPLOYMENT_TARGET = 16.4;
				MARKETING_VERSION = 1.0;
				PRODUCT_BUNDLE_IDENTIFIER = com.gilang.TimePadTests;
				PRODUCT_NAME = "$(TARGET_NAME)";
				SWIFT_EMIT_LOC_STRINGS = NO;
				SWIFT_VERSION = 5.0;
				TARGETED_DEVICE_FAMILY = "1,2";
				TEST_HOST = "$(BUILT_PRODUCTS_DIR)/TimePad.app/$(BUNDLE_EXECUTABLE_FOLDER_PATH)/TimePad";
			};
			name = Release;
		};
		F40A807B29DF4C4B00AF708A /* Debug */ = {
			isa = XCBuildConfiguration;
			buildSettings = {
				ALWAYS_EMBED_SWIFT_STANDARD_LIBRARIES = YES;
				CODE_SIGN_STYLE = Automatic;
				CURRENT_PROJECT_VERSION = 1;
				DEVELOPMENT_TEAM = UM5JNC6JYW;
				GENERATE_INFOPLIST_FILE = YES;
				MARKETING_VERSION = 1.0;
				PRODUCT_BUNDLE_IDENTIFIER = com.gilang.TimePadUITests;
				PRODUCT_NAME = "$(TARGET_NAME)";
				SWIFT_EMIT_LOC_STRINGS = NO;
				SWIFT_VERSION = 5.0;
				TARGETED_DEVICE_FAMILY = "1,2";
				TEST_TARGET_NAME = TimePad;
			};
			name = Debug;
		};
		F40A807C29DF4C4B00AF708A /* Release */ = {
			isa = XCBuildConfiguration;
			buildSettings = {
				ALWAYS_EMBED_SWIFT_STANDARD_LIBRARIES = YES;
				CODE_SIGN_STYLE = Automatic;
				CURRENT_PROJECT_VERSION = 1;
				DEVELOPMENT_TEAM = UM5JNC6JYW;
				GENERATE_INFOPLIST_FILE = YES;
				MARKETING_VERSION = 1.0;
				PRODUCT_BUNDLE_IDENTIFIER = com.gilang.TimePadUITests;
				PRODUCT_NAME = "$(TARGET_NAME)";
				SWIFT_EMIT_LOC_STRINGS = NO;
				SWIFT_VERSION = 5.0;
				TARGETED_DEVICE_FAMILY = "1,2";
				TEST_TARGET_NAME = TimePad;
			};
			name = Release;
		};
/* End XCBuildConfiguration section */

/* Begin XCConfigurationList section */
		F40A804529DF4C4A00AF708A /* Build configuration list for PBXProject "TimePad" */ = {
			isa = XCConfigurationList;
			buildConfigurations = (
				F40A807229DF4C4B00AF708A /* Debug */,
				F40A807329DF4C4B00AF708A /* Release */,
			);
			defaultConfigurationIsVisible = 0;
			defaultConfigurationName = Release;
		};
		F40A807429DF4C4B00AF708A /* Build configuration list for PBXNativeTarget "TimePad" */ = {
			isa = XCConfigurationList;
			buildConfigurations = (
				F40A807529DF4C4B00AF708A /* Debug */,
				F40A807629DF4C4B00AF708A /* Release */,
			);
			defaultConfigurationIsVisible = 0;
			defaultConfigurationName = Release;
		};
		F40A807729DF4C4B00AF708A /* Build configuration list for PBXNativeTarget "TimePadTests" */ = {
			isa = XCConfigurationList;
			buildConfigurations = (
				F40A807829DF4C4B00AF708A /* Debug */,
				F40A807929DF4C4B00AF708A /* Release */,
			);
			defaultConfigurationIsVisible = 0;
			defaultConfigurationName = Release;
		};
		F40A807A29DF4C4B00AF708A /* Build configuration list for PBXNativeTarget "TimePadUITests" */ = {
			isa = XCConfigurationList;
			buildConfigurations = (
				F40A807B29DF4C4B00AF708A /* Debug */,
				F40A807C29DF4C4B00AF708A /* Release */,
			);
			defaultConfigurationIsVisible = 0;
			defaultConfigurationName = Release;
		};
/* End XCConfigurationList section */
	};
	rootObject = F40A804229DF4C4A00AF708A /* Project object */;
}
